Microsoft Visual Studio Solution File, Format Version 12.00
# Visual Studio Version 17
VisualStudioVersion = 17.5.2.0
MinimumVisualStudioVersion = 10.0.40219.1
Project("{FAE04EC0-301F-11D3-BF4B-00C04F79EFBC}") = "RetailWebsite", "RetailWebsite.csproj", "{047157C3-B163-9055-BBB6-CF1DD84D5CB4}"
EndProject
Global
	GlobalSection(SolutionConfigurationPlatforms) = preSolution
		Debug|Any CPU = Debug|Any CPU
		Release|Any CPU = Release|Any CPU
	EndGlobalSection
	GlobalSection(ProjectConfigurationPlatforms) = postSolution
		{047157C3-B163-9055-BBB6-CF1DD84D5CB4}.Debug|Any CPU.ActiveCfg = Debug|Any CPU
		{047157C3-B163-9055-BBB6-CF1DD84D5CB4}.Debug|Any CPU.Build.0 = Debug|Any CPU
		{047157C3-B163-9055-BBB6-CF1DD84D5CB4}.Release|Any CPU.ActiveCfg = Release|Any CPU
		{047157C3-B163-9055-BBB6-CF1DD84D5CB4}.Release|Any CPU.Build.0 = Release|Any CPU
	EndGlobalSection
	GlobalSection(SolutionProperties) = preSolution
		HideSolutionNode = FALSE
	EndGlobalSection
	GlobalSection(ExtensibilityGlobals) = postSolution
		SolutionGuid = {7D1DE940-7427-40BD-BCAA-3338D4E3509F}
	EndGlobalSection
EndGlobal
